PODS:
  - ActionSheetPicker-3.0 (1.7.2)
  - AFNetworkActivityLogger (2.0.4):
    - AFNetworking/NSURLConnection (~> 2.0)
    - AFNetworking/NSURLSession (~> 2.0)
  - AFNetworking (2.6.1):
    - AFNetworking/NSURLConnection (= 2.6.1)
    - AFNetworking/NSURLSession (= 2.6.1)
    - AFNetworking/Reachability (= 2.6.1)
    - AFNetworking/Security (= 2.6.1)
    - AFNetworking/Serialization (= 2.6.1)
    - AFNetworking/UIKit (= 2.6.1)
  - AFNetworking/NSURLConnection (2.6.1):
    - AFNetworking/Reachability
    - AFNetworking/Security
    - AFNetworking/Serialization
  - AFNetworking/NSURLSession (2.6.1):
    - AFNetworking/Reachability
    - AFNetworking/Security
    - AFNetworking/Serialization
  - AFNetworking/Reachability (2.6.1)
  - AFNetworking/Security (2.6.1)
  - AFNetworking/Serialization (2.6.1)
  - AFNetworking/UIKit (2.6.1):
    - AFNetworking/NSURLConnection
    - AFNetworking/NSURLSession
  - AFOAuth2Manager (2.2.0):
    - AFNetworking/NSURLConnection (~> 2.2)
  - ALMoviePlayerController (0.3.0)
  - ApigeeiOSSDK (2.0.17)
  - APParallaxHeader-Width (0.1.8)
  - CocoaLumberjack (2.0.3):
    - CocoaLumberjack/Default (= 2.0.3)
    - CocoaLumberjack/Extensions (= 2.0.3)
  - CocoaLumberjack/Core (2.0.3)
  - CocoaLumberjack/Default (2.0.3):
    - CocoaLumberjack/Core
  - CocoaLumberjack/Extensions (2.0.3):
    - CocoaLumberjack/Default
  - Color-Picker-for-iOS (2.0.2)
  - ColorUtils (1.1.3)
  - IgniteEngine (0.1.1):
    - ActionSheetPicker-3.0 (~> 1.6)
    - AFNetworkActivityLogger (~> 2.0)
    - AFNetworking (~> 2.5)
    - AFOAuth2Manager (~> 2.2)
    - ALMoviePlayerController (~> 0.3)
    - ApigeeiOSSDK (~> 2.0)
    - APParallaxHeader-Width (~> 0.1)
    - CocoaLumberjack (~> 2.0)
    - Color-Picker-for-iOS (~> 2.0)
    - ColorUtils (~> 1.1)
    - IQKeyboardManager (~> 3.2)
    - JAFontAwesome (~> 4.3)
    - jetfire (~> 0.1)
    - MMDrawerController (~> 0.6)
    - Reachability (~> 3.2)
    - SDWebImage (~> 3.7)
    - SVPulsingAnnotationView (~> 0.3)
    - SVWebViewController (~> 1.0)
    - TTTAttributedLabel (~> 1.13)
    - YLMoment (~> 0.5)
    - ZBarSDK (~> 1.3)
    - ZipArchive (~> 1.4)
  - IQKeyboardManager (3.3.2)
  - JAFontAwesome (4.3.2)
  - jetfire (0.1.4)
  - MMDrawerController (0.6.0):
    - MMDrawerController/Core (= 0.6.0)
    - MMDrawerController/MMDrawerBarButtonItem (= 0.6.0)
    - MMDrawerController/MMDrawerVisualStates (= 0.6.0)
    - MMDrawerController/Subclass (= 0.6.0)
  - MMDrawerController/Core (0.6.0)
  - MMDrawerController/MMDrawerBarButtonItem (0.6.0):
    - MMDrawerController/Core
  - MMDrawerController/MMDrawerVisualStates (0.6.0):
    - MMDrawerController/Core
  - MMDrawerController/Subclass (0.6.0):
    - MMDrawerController/Core
  - Reachability (3.2)
  - SDWebImage (3.7.3):
    - SDWebImage/Core (= 3.7.3)
  - SDWebImage/Core (3.7.3)
  - SVPulsingAnnotationView (0.3.0)
  - SVWebViewController (1.0)
  - TTTAttributedLabel (1.13.4)
  - YLMoment (0.5.2)
  - ZBarSDK (1.3.1)
  - ZipArchive (1.4.0)

DEPENDENCIES:
  - IgniteEngine

SPEC CHECKSUMS:
  ActionSheetPicker-3.0: c5bdca19fd8b3d798f0c79892cbab6f11a8523ae
  AFNetworkActivityLogger: 121486778117d53b3ab1c61d264b88081d0c3eee
  AFNetworking: 8e4e60500beb8bec644cf575beee72990a76d399
  AFOAuth2Manager: 952eb62e8fd8022971e64c6e8fe28b9e999224af
  ALMoviePlayerController: caf8e2b455e576f704895882b7c1688686b40b0c
  ApigeeiOSSDK: 30b5ea541a502a8049cfbb2ee7e3a36ab621e65e
  APParallaxHeader-Width: a192449fc10b0a4075bef8555cdd410063f71b06
  CocoaLumberjack: f58d8a19629f4d8379ae14bb3534def24161430e
  Color-Picker-for-iOS: 4980589b3e3cfe7198f227dd50be9adb02d8bc0b
  ColorUtils: f99c501f9caf5374b35480a281168565a24bdb6d
  IgniteEngine: 9c0ff761a4e1e8a65cb28ab5c19808cf6b4281bd
  IQKeyboardManager: d863eb0bca424d1f6dad6bdd1f856af52664add8
  JAFontAwesome: 0e624c389b30db8015eb6f670941c7d38d73c0d3
  jetfire: 6c6715c91d8b59d2fdb051e5f76ae2fb539d0362
  MMDrawerController: e3a54a5570388463ad3b36975251575b50c4e1a0
  Reachability: 33e18b67625424e47b6cde6d202dce689ad7af96
  SDWebImage: 1d2b1a1efda1ade1b00b6f8498865f8ddedc8a84
  SVPulsingAnnotationView: f1a8dc7a57ebb5fa231d0ef8b0da59a250005511
  SVWebViewController: c36dda7326e81fcae0abf5d02bf7bbf7e41be901
  TTTAttributedLabel: 0a2ac7b2dd726d32a070dafb01446026b11e624f
  YLMoment: 11348f13579ac6646309abafabb19057d5bd581b
  ZBarSDK: 4c1b5daeb7d6cc67dc9355e690af0230a661f6ec
  ZipArchive: e25a4373192673e3229ac8d6e9f64a3e5713c966

COCOAPODS: 0.39.0
